<?xml version="1.0" encoding="utf-8"?>
<Project ToolsVersion="4.0" xmlns="http://schemas.microsoft.com/developer/msbuild/2003">
  <ItemGroup>
    <Filter Include="Source Files">
      <UniqueIdentifier>{f3122ed0-1d90-4cd0-bef4-1d2b11d857b3}</UniqueIdentifier>
      <Extensions>cpp;c;cxx;rc;def;r;odl;idl;hpj;bat</Extensions>
    </Filter>
    <Filter Include="Header Files">
      <UniqueIdentifier>{eb66ce13-2f6f-4a22-8efc-25748948c5af}</UniqueIdentifier>
      <Extensions>h;hpp;hxx;hm;inl</Extensions>
    </Filter>
  </ItemGroup>
  <ItemGroup>
    <ClCompile Include="SLAutoPtr.cpp">
      <Filter>Source Files</Filter>
    </ClCompile>
    <ClCompile Include="SLCfgReg.cpp">
      <Filter>Source Files</Filter>
    </ClCompile>
    <ClCompile Include="SLCont.cpp">
      <Filter>Source Files</Filter>
    </ClCompile>
    <ClCompile Include="SLDbg.cpp">
      <Filter>Source Files</Filter>
    </ClCompile>
    <ClCompile Include="SLExcHandler.cpp">
      <Filter>Source Files</Filter>
    </ClCompile>
    <ClCompile Include="SLFileMap.cpp">
      <Filter>Source Files</Filter>
    </ClCompile>
    <ClCompile Include="SLMemMgr.cpp">
      <Filter>Source Files</Filter>
    </ClCompile>
    <ClCompile Include="SLPrc.cpp">
      <Filter>Source Files</Filter>
    </ClCompile>
    <ClCompile Include="SLResMem.cpp">
      <Filter>Source Files</Filter>
    </ClCompile>
    <ClCompile Include="SLThrd.cpp">
      <Filter>Source Files</Filter>
    </ClCompile>
    <ClCompile Include="SLWndProcThunk.cpp">
      <Filter>Source Files</Filter>
    </ClCompile>
  </ItemGroup>
  <ItemGroup>
    <ClInclude Include="SLAutoPtr.h">
      <Filter>Header Files</Filter>
    </ClInclude>
    <ClInclude Include="SLCfgReg.h">
      <Filter>Header Files</Filter>
    </ClInclude>
    <ClInclude Include="SLCont.h">
      <Filter>Header Files</Filter>
    </ClInclude>
    <ClInclude Include="SLDbg.h">
      <Filter>Header Files</Filter>
    </ClInclude>
    <ClInclude Include="SLExcHandler.h">
      <Filter>Header Files</Filter>
    </ClInclude>
    <ClInclude Include="SLFileMap.h">
      <Filter>Header Files</Filter>
    </ClInclude>
    <ClInclude Include="SLMemMgr.h">
      <Filter>Header Files</Filter>
    </ClInclude>
    <ClInclude Include="SLPrc.h">
      <Filter>Header Files</Filter>
    </ClInclude>
    <ClInclude Include="SLResMem.h">
      <Filter>Header Files</Filter>
    </ClInclude>
    <ClInclude Include="SLThrd.h">
      <Filter>Header Files</Filter>
    </ClInclude>
    <ClInclude Include="SLUtil.h">
      <Filter>Header Files</Filter>
    </ClInclude>
    <ClInclude Include="SLWndProcThunk.h">
      <Filter>Header Files</Filter>
    </ClInclude>
  </ItemGroup>
</Project>