<?xml version="1.0" encoding="utf-8"?>
<Project ToolsVersion="4.0" xmlns="http://schemas.microsoft.com/developer/msbuild/2003">
  <ItemGroup>
    <Filter Include="Source Files">
      <UniqueIdentifier>{70a928a6-7e84-4596-bf64-cc265af08074}</UniqueIdentifier>
      <Extensions>cpp;c;cxx;rc;def;r;odl;idl;hpj;bat</Extensions>
    </Filter>
    <Filter Include="Header Files">
      <UniqueIdentifier>{f4cbd9b8-a5b7-40ee-9290-7548e2cae659}</UniqueIdentifier>
      <Extensions>h;hpp;hxx;hm;inl</Extensions>
    </Filter>
  </ItemGroup>
  <ItemGroup>
    <ClCompile Include="SLAutoPtr.cpp">
      <Filter>Source Files</Filter>
    </ClCompile>
    <ClCompile Include="SLCfgReg.cpp">
      <Filter>Source Files</Filter>
    </ClCompile>
    <ClCompile Include="SLCfgStr.cpp">
      <Filter>Source Files</Filter>
    </ClCompile>
    <ClCompile Include="SLCont.cpp">
      <Filter>Source Files</Filter>
    </ClCompile>
    <ClCompile Include="SLDbg.cpp">
      <Filter>Source Files</Filter>
    </ClCompile>
    <ClCompile Include="SLDlgMem.cpp">
      <Filter>Source Files</Filter>
    </ClCompile>
    <ClCompile Include="SLFileMap.cpp">
      <Filter>Source Files</Filter>
    </ClCompile>
    <ClCompile Include="SLFileName.cpp">
      <Filter>Source Files</Filter>
    </ClCompile>
    <ClCompile Include="SLMemMgr.cpp">
      <Filter>Source Files</Filter>
    </ClCompile>
    <ClCompile Include="SLPrc.cpp">
      <Filter>Source Files</Filter>
    </ClCompile>
    <ClCompile Include="SLResMem.cpp">
      <Filter>Source Files</Filter>
    </ClCompile>
    <ClCompile Include="SLString.cpp">
      <Filter>Source Files</Filter>
    </ClCompile>
    <ClCompile Include="SLThunkW32.cpp">
      <Filter>Source Files</Filter>
    </ClCompile>
    <ClCompile Include="SLVerInfo.cpp">
      <Filter>Source Files</Filter>
    </ClCompile>
  </ItemGroup>
  <ItemGroup>
    <ClInclude Include="SLAutoPtr.h">
      <Filter>Header Files</Filter>
    </ClInclude>
    <ClInclude Include="SLCfgReg.h">
      <Filter>Header Files</Filter>
    </ClInclude>
    <ClInclude Include="SLCfgStr.h">
      <Filter>Header Files</Filter>
    </ClInclude>
    <ClInclude Include="SLCont.h">
      <Filter>Header Files</Filter>
    </ClInclude>
    <ClInclude Include="SLDbg.h">
      <Filter>Header Files</Filter>
    </ClInclude>
    <ClInclude Include="SLDlgMem.h">
      <Filter>Header Files</Filter>
    </ClInclude>
    <ClInclude Include="SLFileMap.h">
      <Filter>Header Files</Filter>
    </ClInclude>
    <ClInclude Include="SLFileName.h">
      <Filter>Header Files</Filter>
    </ClInclude>
    <ClInclude Include="SLMemMgr.h">
      <Filter>Header Files</Filter>
    </ClInclude>
    <ClInclude Include="SLPrc.h">
      <Filter>Header Files</Filter>
    </ClInclude>
    <ClInclude Include="SLResMem.h">
      <Filter>Header Files</Filter>
    </ClInclude>
    <ClInclude Include="SLString.h">
      <Filter>Header Files</Filter>
    </ClInclude>
    <ClInclude Include="SLThunkW32.h">
      <Filter>Header Files</Filter>
    </ClInclude>
    <ClInclude Include="SLUtil.h">
      <Filter>Header Files</Filter>
    </ClInclude>
    <ClInclude Include="SLVerInfo.h">
      <Filter>Header Files</Filter>
    </ClInclude>
  </ItemGroup>
</Project>