<?xml version="1.0" encoding="utf-8"?>
<Project ToolsVersion="4.0" xmlns="http://schemas.microsoft.com/developer/msbuild/2003">
  <ItemGroup>
    <Filter Include="Source Files">
      <UniqueIdentifier>{59bbe536-a14f-49c6-88ac-f67bb75d129d}</UniqueIdentifier>
      <Extensions>cpp;c;cxx;rc;def;r;odl;idl;hpj;bat</Extensions>
    </Filter>
    <Filter Include="Header Files">
      <UniqueIdentifier>{94046af3-7dcc-4b2c-8567-a8136c5e781f}</UniqueIdentifier>
      <Extensions>h;hpp;hxx;hm;inl</Extensions>
    </Filter>
  </ItemGroup>
  <ItemGroup>
    <ClCompile Include="SLWDbg.cpp">
      <Filter>Source Files</Filter>
    </ClCompile>
    <ClCompile Include="SLWDisablers.cpp">
      <Filter>Source Files</Filter>
    </ClCompile>
    <ClCompile Include="SLWRes.cpp">
      <Filter>Source Files</Filter>
    </ClCompile>
    <ClCompile Include="SLWShell.cpp">
      <Filter>Source Files</Filter>
    </ClCompile>
    <ClCompile Include="SLWSplash.cpp">
      <Filter>Source Files</Filter>
    </ClCompile>
  </ItemGroup>
  <ItemGroup>
    <ClInclude Include="SLWDbg.h">
      <Filter>Header Files</Filter>
    </ClInclude>
    <ClInclude Include="SLWDisablers.h">
      <Filter>Header Files</Filter>
    </ClInclude>
    <ClInclude Include="SLWMinCrt.h">
      <Filter>Header Files</Filter>
    </ClInclude>
    <ClInclude Include="SLWMinCrtHdr.h">
      <Filter>Header Files</Filter>
    </ClInclude>
    <ClInclude Include="SLWRes.h">
      <Filter>Header Files</Filter>
    </ClInclude>
    <ClInclude Include="SLWShell.h">
      <Filter>Header Files</Filter>
    </ClInclude>
    <ClInclude Include="SLWSplash.h">
      <Filter>Header Files</Filter>
    </ClInclude>
    <ClInclude Include="SLWUtil.h">
      <Filter>Header Files</Filter>
    </ClInclude>
  </ItemGroup>
</Project>